// !$*UTF8*$!
{
	archiveVersion = 1;
	classes = {
	};
	objectVersion = 77;
	objects = {

/* Begin PBXContainerItemProxy section */
		C0AA2E4D2D5F3037009E51D4 /* PBXContainerItemProxy */ = {
			isa = PBXContainerItemProxy;
			containerPortal = C0AA2E342D5F3035009E51D4 /* Project object */;
			proxyType = 1;
			remoteGlobalIDString = C0AA2E3B2D5F3035009E51D4;
			remoteInfo = ClimaUI;
		};
		C0AA2E572D5F3037009E51D4 /* PBXContainerItemProxy */ = {
			isa = PBXContainerItemProxy;
			containerPortal = C0AA2E342D5F3035009E51D4 /* Project object */;
			proxyType = 1;
			remoteGlobalIDString = C0AA2E3B2D5F3035009E51D4;
			remoteInfo = ClimaUI;
		};
/* End PBXContainerItemProxy section */

/* Begin PBXFileReference section */
		C0AA2E3C2D5F3035009E51D4 /* ClimaUI.app */ = {isa = PBXFileReference; explicitFileType = wrapper.application; includeInIndex = 0; path = ClimaUI.app; sourceTree = BUILT_PRODUCTS_DIR; };
		C0AA2E4C2D5F3037009E51D4 /* ClimaUITests.xctest */ = {isa = PBXFileReference; explicitFileType = wrapper.cfbundle; includeInIndex = 0; path = ClimaUITests.xctest; sourceTree = BUILT_PRODUCTS_DIR; };
		C0AA2E562D5F3037009E51D4 /* ClimaUIUITests.xctest */ = {isa = PBXFileReference; explicitFileType = wrapper.cfbundle; includeInIndex = 0; path = ClimaUIUITests.xctest; sourceTree = BUILT_PRODUCTS_DIR; };
/* End PBXFileReference section */

/* Begin PBXFileSystemSynchronizedBuildFileExceptionSet section */
		C0AA2E6D2D5F3076009E51D4 /* Exceptions for "ClimaUI" folder in "ClimaUI" target */ = {
			isa = PBXFileSystemSynchronizedBuildFileExceptionSet;
			membershipExceptions = (
				dark_background.pdf,
				light_background.pdf,
			);
			target = C0AA2E3B2D5F3035009E51D4 /* ClimaUI */;
		};
		C0AA2E6E2D5F3076009E51D4 /* Exceptions for "ClimaUI" folder in "ClimaUIUITests" target */ = {
			isa = PBXFileSystemSynchronizedBuildFileExceptionSet;
			membershipExceptions = (
				dark_background.pdf,
				light_background.pdf,
			);
			target = C0AA2E552D5F3037009E51D4 /* ClimaUIUITests */;
		};
/* End PBXFileSystemSynchronizedBuildFileExceptionSet section */

/* Begin PBXFileSystemSynchronizedRootGroup section */
		C0AA2E3E2D5F3035009E51D4 /* ClimaUI */ = {
			isa = PBXFileSystemSynchronizedRootGroup;
			exceptions = (
				C0AA2E6D2D5F3076009E51D4 /* Exceptions for "ClimaUI" folder in "ClimaUI" target */,
				C0AA2E6E2D5F3076009E51D4 /* Exceptions for "ClimaUI" folder in "ClimaUIUITests" target */,
			);
			path = ClimaUI;
			sourceTree = "<group>";
		};
		C0AA2E4F2D5F3037009E51D4 /* ClimaUITests */ = {
			isa = PBXFileSystemSynchronizedRootGroup;
			path = ClimaUITests;
			sourceTree = "<group>";
		};
		C0AA2E592D5F3037009E51D4 /* ClimaUIUITests */ = {
			isa = PBXFileSystemSynchronizedRootGroup;
			path = ClimaUIUITests;
			sourceTree = "<group>";
		};
/* End PBXFileSystemSynchronizedRootGroup section */

/* Begin PBXFrameworksBuildPhase section */
		C0AA2E392D5F3035009E51D4 /* Frameworks */ = {
			isa = PBXFrameworksBuildPhase;
			buildActionMask = 2147483647;
			files = (
			);
			runOnlyForDeploymentPostprocessing = 0;
		};
		C0AA2E492D5F3037009E51D4 /* Frameworks */ = {
			isa = PBXFrameworksBuildPhase;
			buildActionMask = 2147483647;
			files = (
			);
			runOnlyForDeploymentPostprocessing = 0;
		};
		C0AA2E532D5F3037009E51D4 /* Frameworks */ = {
			isa = PBXFrameworksBuildPhase;
			buildActionMask = 2147483647;
			files = (
			);
			runOnlyForDeploymentPostprocessing = 0;
		};
/* End PBXFrameworksBuildPhase section */

/* Begin PBXGroup section */
		C0AA2E332D5F3035009E51D4 = {
			isa = PBXGroup;
			children = (
				C0AA2E3E2D5F3035009E51D4 /* ClimaUI */,
				C0AA2E4F2D5F3037009E51D4 /* ClimaUITests */,
				C0AA2E592D5F3037009E51D4 /* ClimaUIUITests */,
				C0AA2E3D2D5F3035009E51D4 /* Products */,
			);
			sourceTree = "<group>";
		};
		C0AA2E3D2D5F3035009E51D4 /* Products */ = {
			isa = PBXGroup;
			children = (
				C0AA2E3C2D5F3035009E51D4 /* ClimaUI.app */,
				C0AA2E4C2D5F3037009E51D4 /* ClimaUITests.xctest */,
				C0AA2E562D5F3037009E51D4 /* ClimaUIUITests.xctest */,
			);
			name = Products;
			sourceTree = "<group>";
		};
/* End PBXGroup section */

/* Begin PBXNativeTarget section */
		C0AA2E3B2D5F3035009E51D4 /* ClimaUI */ = {
			isa = PBXNativeTarget;
			buildConfigurationList = C0AA2E602D5F3037009E51D4 /* Build configuration list for PBXNativeTarget "ClimaUI" */;
			buildPhases = (
				C0AA2E382D5F3035009E51D4 /* Sources */,
				C0AA2E392D5F3035009E51D4 /* Frameworks */,
				C0AA2E3A2D5F3035009E51D4 /* Resources */,
			);
			buildRules = (
			);
			dependencies = (
			);
			fileSystemSynchronizedGroups = (
				C0AA2E3E2D5F3035009E51D4 /* ClimaUI */,
			);
			name = ClimaUI;
			packageProductDependencies = (
			);
			productName = ClimaUI;
			productReference = C0AA2E3C2D5F3035009E51D4 /* ClimaUI.app */;
			productType = "com.apple.product-type.application";
		};
		C0AA2E4B2D5F3037009E51D4 /* ClimaUITests */ = {
			isa = PBXNativeTarget;
			buildConfigurationList = C0AA2E632D5F3037009E51D4 /* Build configuration list for PBXNativeTarget "ClimaUITests" */;
			buildPhases = (
				C0AA2E482D5F3037009E51D4 /* Sources */,
				C0AA2E492D5F3037009E51D4 /* Frameworks */,
				C0AA2E4A2D5F3037009E51D4 /* Resources */,
			);
			buildRules = (
			);
			dependencies = (
				C0AA2E4E2D5F3037009E51D4 /* PBXTargetDependency */,
			);
			fileSystemSynchronizedGroups = (
				C0AA2E4F2D5F3037009E51D4 /* ClimaUITests */,
			);
			name = ClimaUITests;
			packageProductDependencies = (
			);
			productName = ClimaUITests;
			productReference = C0AA2E4C2D5F3037009E51D4 /* ClimaUITests.xctest */;
			productType = "com.apple.product-type.bundle.unit-test";
		};
		C0AA2E552D5F3037009E51D4 /* ClimaUIUITests */ = {
			isa = PBXNativeTarget;
			buildConfigurationList = C0AA2E662D5F3037009E51D4 /* Build configuration list for PBXNativeTarget "ClimaUIUITests" */;
			buildPhases = (
				C0AA2E522D5F3037009E51D4 /* Sources */,
				C0AA2E532D5F3037009E51D4 /* Frameworks */,
				C0AA2E542D5F3037009E51D4 /* Resources */,
			);
			buildRules = (
			);
			dependencies = (
				C0AA2E582D5F3037009E51D4 /* PBXTargetDependency */,
			);
			fileSystemSynchronizedGroups = (
				C0AA2E592D5F3037009E51D4 /* ClimaUIUITests */,
			);
			name = ClimaUIUITests;
			packageProductDependencies = (
			);
			productName = ClimaUIUITests;
			productReference = C0AA2E562D5F3037009E51D4 /* ClimaUIUITests.xctest */;
			productType = "com.apple.product-type.bundle.ui-testing";
		};
/* End PBXNativeTarget section */

/* Begin PBXProject section */
		C0AA2E342D5F3035009E51D4 /* Project object */ = {
			isa = PBXProject;
			attributes = {
				BuildIndependentTargetsInParallel = 1;
				LastSwiftUpdateCheck = 1620;
				LastUpgradeCheck = 1620;
				TargetAttributes = {
					C0AA2E3B2D5F3035009E51D4 = {
						CreatedOnToolsVersion = 16.2;
					};
					C0AA2E4B2D5F3037009E51D4 = {
						CreatedOnToolsVersion = 16.2;
						TestTargetID = C0AA2E3B2D5F3035009E51D4;
					};
					C0AA2E552D5F3037009E51D4 = {
						CreatedOnToolsVersion = 16.2;
						TestTargetID = C0AA2E3B2D5F3035009E51D4;
					};
				};
			};
			buildConfigurationList = C0AA2E372D5F3035009E51D4 /* Build configuration list for PBXProject "ClimaUI" */;
			developmentRegion = en;
			hasScannedForEncodings = 0;
			knownRegions = (
				en,
				Base,
			);
			mainGroup = C0AA2E332D5F3035009E51D4;
			minimizedProjectReferenceProxies = 1;
			preferredProjectObjectVersion = 77;
			productRefGroup = C0AA2E3D2D5F3035009E51D4 /* Products */;
			projectDirPath = "";
			projectRoot = "";
			targets = (
				C0AA2E3B2D5F3035009E51D4 /* ClimaUI */,
				C0AA2E4B2D5F3037009E51D4 /* ClimaUITests */,
				C0AA2E552D5F3037009E51D4 /* ClimaUIUITests */,
			);
		};
/* End PBXProject section */

/* Begin PBXResourcesBuildPhase section */
		C0AA2E3A2D5F3035009E51D4 /* Resources */ = {
			isa = PBXResourcesBuildPhase;
			buildActionMask = 2147483647;
			files = (
			);
			runOnlyForDeploymentPostprocessing = 0;
		};
		C0AA2E4A2D5F3037009E51D4 /* Resources */ = {
			isa = PBXResourcesBuildPhase;
			buildActionMask = 2147483647;
			files = (
			);
			runOnlyForDeploymentPostprocessing = 0;
		};
		C0AA2E542D5F3037009E51D4 /* Resources */ = {
			isa = PBXResourcesBuildPhase;
			buildActionMask = 2147483647;
			files = (
			);
			runOnlyForDeploymentPostprocessing = 0;
		};
/* End PBXResourcesBuildPhase section */

/* Begin PBXSourcesBuildPhase section */
		C0AA2E382D5F3035009E51D4 /* Sources */ = {
			isa = PBXSourcesBuildPhase;
			buildActionMask = 2147483647;
			files = (
			);
			runOnlyForDeploymentPostprocessing = 0;
		};
		C0AA2E482D5F3037009E51D4 /* Sources */ = {
			isa = PBXSourcesBuildPhase;
			buildActionMask = 2147483647;
			files = (
			);
			runOnlyForDeploymentPostprocessing = 0;
		};
		C0AA2E522D5F3037009E51D4 /* Sources */ = {
			isa = PBXSourcesBuildPhase;
			buildActionMask = 2147483647;
			files = (
			);
			runOnlyForDeploymentPostprocessing = 0;
		};
/* End PBXSourcesBuildPhase section */

/* Begin PBXTargetDependency section */
		C0AA2E4E2D5F3037009E51D4 /* PBXTargetDependency */ = {
			isa = PBXTargetDependency;
			target = C0AA2E3B2D5F3035009E51D4 /* ClimaUI */;
			targetProxy = C0AA2E4D2D5F3037009E51D4 /* PBXContainerItemProxy */;
		};
		C0AA2E582D5F3037009E51D4 /* PBXTargetDependency */ = {
			isa = PBXTargetDependency;
			target = C0AA2E3B2D5F3035009E51D4 /* ClimaUI */;
			targetProxy = C0AA2E572D5F3037009E51D4 /* PBXContainerItemProxy */;
		};
/* End PBXTargetDependency section */

/* Begin XCBuildConfiguration section */
		C0AA2E5E2D5F3037009E51D4 /* Debug */ = {
			isa = XCBuildConfiguration;
			buildSettings = {
				ALWAYS_SEARCH_USER_PATHS = NO;
				ASSETCATALOG_COMPILER_GENERATE_SWIFT_ASSET_SYMBOL_EXTENSIONS = YES;
				CLANG_ANALYZER_NONNULL = YES;
				CLANG_ANALYZER_NUMBER_OBJECT_CONVERSION = YES_AGGRESSIVE;
				CLANG_CXX_LANGUAGE_STANDARD = "gnu++20";
				CLANG_ENABLE_MODULES = YES;
				CLANG_ENABLE_OBJC_ARC = YES;
				CLANG_ENABLE_OBJC_WEAK = YES;
				CLANG_WARN_BLOCK_CAPTURE_AUTORELEASING = YES;
				CLANG_WARN_BOOL_CONVERSION = YES;
				CLANG_WARN_COMMA = YES;
				CLANG_WARN_CONSTANT_CONVERSION = YES;
				CLANG_WARN_DEPRECATED_OBJC_IMPLEMENTATIONS = YES;
				CLANG_WARN_DIRECT_OBJC_ISA_USAGE = YES_ERROR;
				CLANG_WARN_DOCUMENTATION_COMMENTS = YES;
				CLANG_WARN_EMPTY_BODY = YES;
				CLANG_WARN_ENUM_CONVERSION = YES;
				CLANG_WARN_INFINITE_RECURSION = YES;
				CLANG_WARN_INT_CONVERSION = YES;
				CLANG_WARN_NON_LITERAL_NULL_CONVERSION = YES;
				CLANG_WARN_OBJC_IMPLICIT_RETAIN_SELF = YES;
				CLANG_WARN_OBJC_LITERAL_CONVERSION = YES;
				CLANG_WARN_OBJC_ROOT_CLASS = YES_ERROR;
				CLANG_WARN_QUOTED_INCLUDE_IN_FRAMEWORK_HEADER = YES;
				CLANG_WARN_RANGE_LOOP_ANALYSIS = YES;
				CLANG_WARN_STRICT_PROTOTYPES = YES;
				CLANG_WARN_SUSPICIOUS_MOVE = YES;
				CLANG_WARN_UNGUARDED_AVAILABILITY = YES_AGGRESSIVE;
				CLANG_WARN_UNREACHABLE_CODE = YES;
				CLANG_WARN__DUPLICATE_METHOD_MATCH = YES;
				COPY_PHASE_STRIP = NO;
				DEBUG_INFORMATION_FORMAT = dwarf;
				ENABLE_STRICT_OBJC_MSGSEND = YES;
				ENABLE_TESTABILITY = YES;
				ENABLE_USER_SCRIPT_SANDBOXING = YES;
				GCC_C_LANGUAGE_STANDARD = gnu17;
				GCC_DYNAMIC_NO_PIC = NO;
				GCC_NO_COMMON_BLOCKS = YES;
				GCC_OPTIMIZATION_LEVEL = 0;
				GCC_PREPROCESSOR_DEFINITIONS = (
					"DEBUG=1",
					"$(inherited)",
				);
				GCC_WARN_64_TO_32_BIT_CONVERSION = YES;
				GCC_WARN_ABOUT_RETURN_TYPE = YES_ERROR;
				GCC_WARN_UNDECLARED_SELECTOR = YES;
				GCC_WARN_UNINITIALIZED_AUTOS = YES_AGGRESSIVE;
				GCC_WARN_UNUSED_FUNCTION = YES;
				GCC_WARN_UNUSED_VARIABLE = YES;
				IPHONEOS_DEPLOYMENT_TARGET = 18.2;
				LOCALIZATION_PREFERS_STRING_CATALOGS = YES;
				MTL_ENABLE_DEBUG_INFO = INCLUDE_SOURCE;
				MTL_FAST_MATH = YES;
				ONLY_ACTIVE_ARCH = YES;
				SDKROOT = iphoneos;
				SWIFT_ACTIVE_COMPILATION_CONDITIONS = "DEBUG $(inherited)";
				SWIFT_OPTIMIZATION_LEVEL = "-Onone";
			};
			name = Debug;
		};
		C0AA2E5F2D5F3037009E51D4 /* Release */ = {
			isa = XCBuildConfiguration;
			buildSettings = {
				ALWAYS_SEARCH_USER_PATHS = NO;
				ASSETCATALOG_COMPILER_GENERATE_SWIFT_ASSET_SYMBOL_EXTENSIONS = YES;
				CLANG_ANALYZER_NONNULL = YES;
				CLANG_ANALYZER_NUMBER_OBJECT_CONVERSION = YES_AGGRESSIVE;
				CLANG_CXX_LANGUAGE_STANDARD = "gnu++20";
				CLANG_ENABLE_MODULES = YES;
				CLANG_ENABLE_OBJC_ARC = YES;
				CLANG_ENABLE_OBJC_WEAK = YES;
				CLANG_WARN_BLOCK_CAPTURE_AUTORELEASING = YES;
				CLANG_WARN_BOOL_CONVERSION = YES;
				CLANG_WARN_COMMA = YES;
				CLANG_WARN_CONSTANT_CONVERSION = YES;
				CLANG_WARN_DEPRECATED_OBJC_IMPLEMENTATIONS = YES;
				CLANG_WARN_DIRECT_OBJC_ISA_USAGE = YES_ERROR;
				CLANG_WARN_DOCUMENTATION_COMMENTS = YES;
				CLANG_WARN_EMPTY_BODY = YES;
				CLANG_WARN_ENUM_CONVERSION = YES;
				CLANG_WARN_INFINITE_RECURSION = YES;
				CLANG_WARN_INT_CONVERSION = YES;
				CLANG_WARN_NON_LITERAL_NULL_CONVERSION = YES;
				CLANG_WARN_OBJC_IMPLICIT_RETAIN_SELF = YES;
				CLANG_WARN_OBJC_LITERAL_CONVERSION = YES;
				CLANG_WARN_OBJC_ROOT_CLASS = YES_ERROR;
				CLANG_WARN_QUOTED_INCLUDE_IN_FRAMEWORK_HEADER = YES;
				CLANG_WARN_RANGE_LOOP_ANALYSIS = YES;
				CLANG_WARN_STRICT_PROTOTYPES = YES;
				CLANG_WARN_SUSPICIOUS_MOVE = YES;
				CLANG_WARN_UNGUARDED_AVAILABILITY = YES_AGGRESSIVE;
				CLANG_WARN_UNREACHABLE_CODE = YES;
				CLANG_WARN__DUPLICATE_METHOD_MATCH = YES;
				COPY_PHASE_STRIP = NO;
				DEBUG_INFORMATION_FORMAT = "dwarf-with-dsym";
				ENABLE_NS_ASSERTIONS = NO;
				ENABLE_STRICT_OBJC_MSGSEND = YES;
				ENABLE_USER_SCRIPT_SANDBOXING = YES;
				GCC_C_LANGUAGE_STANDARD = gnu17;
				GCC_NO_COMMON_BLOCKS = YES;
				GCC_WARN_64_TO_32_BIT_CONVERSION = YES;
				GCC_WARN_ABOUT_RETURN_TYPE = YES_ERROR;
				GCC_WARN_UNDECLARED_SELECTOR = YES;
				GCC_WARN_UNINITIALIZED_AUTOS = YES_AGGRESSIVE;
				GCC_WARN_UNUSED_FUNCTION = YES;
				GCC_WARN_UNUSED_VARIABLE = YES;
				IPHONEOS_DEPLOYMENT_TARGET = 18.2;
				LOCALIZATION_PREFERS_STRING_CATALOGS = YES;
				MTL_ENABLE_DEBUG_INFO = NO;
				MTL_FAST_MATH = YES;
				SDKROOT = iphoneos;
				SWIFT_COMPILATION_MODE = wholemodule;
				VALIDATE_PRODUCT = YES;
			};
			name = Release;
		};
		C0AA2E612D5F3037009E51D4 /* Debug */ = {
			isa = XCBuildConfiguration;
			buildSettings = {
				ASSETCATALOG_COMPILER_APPICON_NAME = AppIcon;
				ASSETCATALOG_COMPILER_GLOBAL_ACCENT_COLOR_NAME = AccentColor;
				CODE_SIGN_STYLE = Automatic;
				CURRENT_PROJECT_VERSION = 1;
				DEVELOPMENT_ASSET_PATHS = "\"ClimaUI/Preview Content\"";
				DEVELOPMENT_TEAM = D5A9Q686FW;
				ENABLE_PREVIEWS = YES;
				GENERATE_INFOPLIST_FILE = YES;
				INFOPLIST_KEY_NSLocationWhenInUseUsageDescription = "We need your location to get the current weather for where you are";
				INFOPLIST_KEY_UIApplicationSceneManifest_Generation = YES;
				INFOPLIST_KEY_UIApplicationSupportsIndirectInputEvents = YES;
				INFOPLIST_KEY_UILaunchScreen_Generation = YES;
				INFOPLIST_KEY_UISupportedInterfaceOrientations_iPad = "UIInterfaceOrientationPortrait UIInterfaceOrientationPortraitUpsideDown UIInterfaceOrientationLandscapeLeft UIInterfaceOrientationLandscapeRight";
				INFOPLIST_KEY_UISupportedInterfaceOrientations_iPhone = "UIInterfaceOrientationPortrait UIInterfaceOrientationLandscapeLeft UIInterfaceOrientationLandscapeRight";
				LD_RUNPATH_SEARCH_PATHS = (
					"$(inherited)",
					"@executable_path/Frameworks",
				);
				MARKETING_VERSION = 1.0;
				PRODUCT_BUNDLE_IDENTIFIER = com.mahorobach.ClimaUI;
				PRODUCT_NAME = "$(TARGET_NAME)";
				SWIFT_EMIT_LOC_STRINGS = YES;
				SWIFT_VERSION = 5.0;
				TARGETED_DEVICE_FAMILY = "1,2";
			};
			name = Debug;
		};
		C0AA2E622D5F3037009E51D4 /* Release */ = {
			isa = XCBuildConfiguration;
			buildSettings = {
				ASSETCATALOG_COMPILER_APPICON_NAME = AppIcon;
				ASSETCATALOG_COMPILER_GLOBAL_ACCENT_COLOR_NAME = AccentColor;
				CODE_SIGN_STYLE = Automatic;
				CURRENT_PROJECT_VERSION = 1;
				DEVELOPMENT_ASSET_PATHS = "\"ClimaUI/Preview Content\"";
				DEVELOPMENT_TEAM = D5A9Q686FW;
				ENABLE_PREVIEWS = YES;
				GENERATE_INFOPLIST_FILE = YES;
				INFOPLIST_KEY_NSLocationWhenInUseUsageDescription = "We need your location to get the current weather for where you are";
				INFOPLIST_KEY_UIApplicationSceneManifest_Generation = YES;
				INFOPLIST_KEY_UIApplicationSupportsIndirectInputEvents = YES;
				INFOPLIST_KEY_UILaunchScreen_Generation = YES;
				INFOPLIST_KEY_UISupportedInterfaceOrientations_iPad = "UIInterfaceOrientationPortrait UIInterfaceOrientationPortraitUpsideDown UIInterfaceOrientationLandscapeLeft UIInterfaceOrientationLandscapeRight";
				INFOPLIST_KEY_UISupportedInterfaceOrientations_iPhone = "UIInterfaceOrientationPortrait UIInterfaceOrientationLandscapeLeft UIInterfaceOrientationLandscapeRight";
				LD_RUNPATH_SEARCH_PATHS = (
					"$(inherited)",
					"@executable_path/Frameworks",
				);
				MARKETING_VERSION = 1.0;
				PRODUCT_BUNDLE_IDENTIFIER = com.mahorobach.ClimaUI;
				PRODUCT_NAME = "$(TARGET_NAME)";
				SWIFT_EMIT_LOC_STRINGS = YES;
				SWIFT_VERSION = 5.0;
				TARGETED_DEVICE_FAMILY = "1,2";
			};
			name = Release;
		};
		C0AA2E642D5F3037009E51D4 /* Debug */ = {
			isa = XCBuildConfiguration;
			buildSettings = {
				BUNDLE_LOADER = "$(TEST_HOST)";
				CODE_SIGN_STYLE = Automatic;
				CURRENT_PROJECT_VERSION = 1;
				DEVELOPMENT_TEAM = D5A9Q686FW;
				GENERATE_INFOPLIST_FILE = YES;
				IPHONEOS_DEPLOYMENT_TARGET = 18.2;
				MARKETING_VERSION = 1.0;
				PRODUCT_BUNDLE_IDENTIFIER = com.mahorobach.ClimaUITests;
				PRODUCT_NAME = "$(TARGET_NAME)";
				SWIFT_EMIT_LOC_STRINGS = NO;
				SWIFT_VERSION = 5.0;
				TARGETED_DEVICE_FAMILY = "1,2";
				TEST_HOST = "$(BUILT_PRODUCTS_DIR)/ClimaUI.app/$(BUNDLE_EXECUTABLE_FOLDER_PATH)/ClimaUI";
			};
			name = Debug;
		};
		C0AA2E652D5F3037009E51D4 /* Release */ = {
			isa = XCBuildConfiguration;
			buildSettings = {
				BUNDLE_LOADER = "$(TEST_HOST)";
				CODE_SIGN_STYLE = Automatic;
				CURRENT_PROJECT_VERSION = 1;
				DEVELOPMENT_TEAM = D5A9Q686FW;
				GENERATE_INFOPLIST_FILE = YES;
				IPHONEOS_DEPLOYMENT_TARGET = 18.2;
				MARKETING_VERSION = 1.0;
				PRODUCT_BUNDLE_IDENTIFIER = com.mahorobach.ClimaUITests;
				PRODUCT_NAME = "$(TARGET_NAME)";
				SWIFT_EMIT_LOC_STRINGS = NO;
				SWIFT_VERSION = 5.0;
				TARGETED_DEVICE_FAMILY = "1,2";
				TEST_HOST = "$(BUILT_PRODUCTS_DIR)/ClimaUI.app/$(BUNDLE_EXECUTABLE_FOLDER_PATH)/ClimaUI";
			};
			name = Release;
		};
		C0AA2E672D5F3037009E51D4 /* Debug */ = {
			isa = XCBuildConfiguration;
			buildSettings = {
				CODE_SIGN_STYLE = Automatic;
				CURRENT_PROJECT_VERSION = 1;
				DEVELOPMENT_TEAM = D5A9Q686FW;
				GENERATE_INFOPLIST_FILE = YES;
				MARKETING_VERSION = 1.0;
				PRODUCT_BUNDLE_IDENTIFIER = com.mahorobach.ClimaUIUITests;
				PRODUCT_NAME = "$(TARGET_NAME)";
				SWIFT_EMIT_LOC_STRINGS = NO;
				SWIFT_VERSION = 5.0;
				TARGETED_DEVICE_FAMILY = "1,2";
				TEST_TARGET_NAME = ClimaUI;
			};
			name = Debug;
		};
		C0AA2E682D5F3037009E51D4 /* Release */ = {
			isa = XCBuildConfiguration;
			buildSettings = {
				CODE_SIGN_STYLE = Automatic;
				CURRENT_PROJECT_VERSION = 1;
				DEVELOPMENT_TEAM = D5A9Q686FW;
				GENERATE_INFOPLIST_FILE = YES;
				MARKETING_VERSION = 1.0;
				PRODUCT_BUNDLE_IDENTIFIER = com.mahorobach.ClimaUIUITests;
				PRODUCT_NAME = "$(TARGET_NAME)";
				SWIFT_EMIT_LOC_STRINGS = NO;
				SWIFT_VERSION = 5.0;
				TARGETED_DEVICE_FAMILY = "1,2";
				TEST_TARGET_NAME = ClimaUI;
			};
			name = Release;
		};
/* End XCBuildConfiguration section */

/* Begin XCConfigurationList section */
		C0AA2E372D5F3035009E51D4 /* Build configuration list for PBXProject "ClimaUI" */ = {
			isa = XCConfigurationList;
			buildConfigurations = (
				C0AA2E5E2D5F3037009E51D4 /* Debug */,
				C0AA2E5F2D5F3037009E51D4 /* Release */,
			);
			defaultConfigurationIsVisible = 0;
			defaultConfigurationName = Release;
		};
		C0AA2E602D5F3037009E51D4 /* Build configuration list for PBXNativeTarget "ClimaUI" */ = {
			isa = XCConfigurationList;
			buildConfigurations = (
				C0AA2E612D5F3037009E51D4 /* Debug */,
				C0AA2E622D5F3037009E51D4 /* Release */,
			);
			defaultConfigurationIsVisible = 0;
			defaultConfigurationName = Release;
		};
		C0AA2E632D5F3037009E51D4 /* Build configuration list for PBXNativeTarget "ClimaUITests" */ = {
			isa = XCConfigurationList;
			buildConfigurations = (
				C0AA2E642D5F3037009E51D4 /* Debug */,
				C0AA2E652D5F3037009E51D4 /* Release */,
			);
			defaultConfigurationIsVisible = 0;
			defaultConfigurationName = Release;
		};
		C0AA2E662D5F3037009E51D4 /* Build configuration list for PBXNativeTarget "ClimaUIUITests" */ = {
			isa = XCConfigurationList;
			buildConfigurations = (
				C0AA2E672D5F3037009E51D4 /* Debug */,
				C0AA2E682D5F3037009E51D4 /* Release */,
			);
			defaultConfigurationIsVisible = 0;
			defaultConfigurationName = Release;
		};
/* End XCConfigurationList section */
	};
	rootObject = C0AA2E342D5F3035009E51D4 /* Project object */;
}
